// !$*UTF8*$!
{
	archiveVersion = 1;
	classes = {
	};
	objectVersion = 55;
	objects = {

/* Begin PBXBuildFile section */
		5101849C28E8D48600FDED8F /* PhotoViewerViewModel.swift in Sources */ = {isa = PBXBuildFile; fileRef = 5101849B28E8D48600FDED8F /* PhotoViewerViewModel.swift */; };
		5101849E28E8D6AD00FDED8F /* PhotoViewerViewModelTests.swift in Sources */ = {isa = PBXBuildFile; fileRef = 5101849D28E8D6AD00FDED8F /* PhotoViewerViewModelTests.swift */; };
		518CE3B728E609A4001A1534 /* PhotoboxApp.swift in Sources */ = {isa = PBXBuildFile; fileRef = 518CE3B628E609A4001A1534 /* PhotoboxApp.swift */; };
		518CE3B928E609A4001A1534 /* ContentView.swift in Sources */ = {isa = PBXBuildFile; fileRef = 518CE3B828E609A4001A1534 /* ContentView.swift */; };
		518CE3BB28E609A5001A1534 /* Assets.xcassets in Resources */ = {isa = PBXBuildFile; fileRef = 518CE3BA28E609A5001A1534 /* Assets.xcassets */; };
		518CE3BE28E609A5001A1534 /* Preview Assets.xcassets in Resources */ = {isa = PBXBuildFile; fileRef = 518CE3BD28E609A5001A1534 /* Preview Assets.xcassets */; };
		518CE3D228E609A5001A1534 /* PhotoboxUITests.swift in Sources */ = {isa = PBXBuildFile; fileRef = 518CE3D128E609A5001A1534 /* PhotoboxUITests.swift */; };
		518CE3D428E609A5001A1534 /* PhotoboxUITestsLaunchTests.swift in Sources */ = {isa = PBXBuildFile; fileRef = 518CE3D328E609A5001A1534 /* PhotoboxUITestsLaunchTests.swift */; };
		518CE3E428E62838001A1534 /* ContentViewModel.swift in Sources */ = {isa = PBXBuildFile; fileRef = 518CE3E328E62838001A1534 /* ContentViewModel.swift */; };
		518CE3E628E65573001A1534 /* AssetImageView.swift in Sources */ = {isa = PBXBuildFile; fileRef = 518CE3E528E65573001A1534 /* AssetImageView.swift */; };
		518CE3E828E65649001A1534 /* AssetImageViewModel.swift in Sources */ = {isa = PBXBuildFile; fileRef = 518CE3E728E65649001A1534 /* AssetImageViewModel.swift */; };
		518CE3EA28E84B29001A1534 /* PhotoViewerView.swift in Sources */ = {isa = PBXBuildFile; fileRef = 518CE3E928E84B29001A1534 /* PhotoViewerView.swift */; };
/* End PBXBuildFile section */

/* Begin PBXContainerItemProxy section */
		518CE3C428E609A5001A1534 /* PBXContainerItemProxy */ = {
			isa = PBXContainerItemProxy;
			containerPortal = 518CE3AB28E609A4001A1534 /* Project object */;
			proxyType = 1;
			remoteGlobalIDString = 518CE3B228E609A4001A1534;
			remoteInfo = Photobox;
		};
		518CE3CE28E609A5001A1534 /* PBXContainerItemProxy */ = {
			isa = PBXContainerItemProxy;
			containerPortal = 518CE3AB28E609A4001A1534 /* Project object */;
			proxyType = 1;
			remoteGlobalIDString = 518CE3B228E609A4001A1534;
			remoteInfo = Photobox;
		};
/* End PBXContainerItemProxy section */

/* Begin PBXFileReference section */
		5101849B28E8D48600FDED8F /* PhotoViewerViewModel.swift */ = {isa = PBXFileReference; lastKnownFileType = sourcecode.swift; path = PhotoViewerViewModel.swift; sourceTree = "<group>"; };
		5101849D28E8D6AD00FDED8F /* PhotoViewerViewModelTests.swift */ = {isa = PBXFileReference; lastKnownFileType = sourcecode.swift; path = PhotoViewerViewModelTests.swift; sourceTree = "<group>"; };
		518CE3B328E609A4001A1534 /* Photobox.app */ = {isa = PBXFileReference; explicitFileType = wrapper.application; includeInIndex = 0; path = Photobox.app; sourceTree = BUILT_PRODUCTS_DIR; };
		518CE3B628E609A4001A1534 /* PhotoboxApp.swift */ = {isa = PBXFileReference; lastKnownFileType = sourcecode.swift; path = PhotoboxApp.swift; sourceTree = "<group>"; };
		518CE3B828E609A4001A1534 /* ContentView.swift */ = {isa = PBXFileReference; lastKnownFileType = sourcecode.swift; path = ContentView.swift; sourceTree = "<group>"; };
		518CE3BA28E609A5001A1534 /* Assets.xcassets */ = {isa = PBXFileReference; lastKnownFileType = folder.assetcatalog; path = Assets.xcassets; sourceTree = "<group>"; };
		518CE3BD28E609A5001A1534 /* Preview Assets.xcassets */ = {isa = PBXFileReference; lastKnownFileType = folder.assetcatalog; path = "Preview Assets.xcassets"; sourceTree = "<group>"; };
		518CE3C328E609A5001A1534 /* PhotoboxTests.xctest */ = {isa = PBXFileReference; explicitFileType = wrapper.cfbundle; includeInIndex = 0; path = PhotoboxTests.xctest; sourceTree = BUILT_PRODUCTS_DIR; };
		518CE3CD28E609A5001A1534 /* PhotoboxUITests.xctest */ = {isa = PBXFileReference; explicitFileType = wrapper.cfbundle; includeInIndex = 0; path = PhotoboxUITests.xctest; sourceTree = BUILT_PRODUCTS_DIR; };
		518CE3D128E609A5001A1534 /* PhotoboxUITests.swift */ = {isa = PBXFileReference; lastKnownFileType = sourcecode.swift; path = PhotoboxUITests.swift; sourceTree = "<group>"; };
		518CE3D328E609A5001A1534 /* PhotoboxUITestsLaunchTests.swift */ = {isa = PBXFileReference; lastKnownFileType = sourcecode.swift; path = PhotoboxUITestsLaunchTests.swift; sourceTree = "<group>"; };
		518CE3E028E60ED5001A1534 /* Info.plist */ = {isa = PBXFileReference; lastKnownFileType = text.plist; path = Info.plist; sourceTree = "<group>"; };
		518CE3E328E62838001A1534 /* ContentViewModel.swift */ = {isa = PBXFileReference; lastKnownFileType = sourcecode.swift; path = ContentViewModel.swift; sourceTree = "<group>"; };
		518CE3E528E65573001A1534 /* AssetImageView.swift */ = {isa = PBXFileReference; lastKnownFileType = sourcecode.swift; path = AssetImageView.swift; sourceTree = "<group>"; };
		518CE3E728E65649001A1534 /* AssetImageViewModel.swift */ = {isa = PBXFileReference; lastKnownFileType = sourcecode.swift; path = AssetImageViewModel.swift; sourceTree = "<group>"; };
		518CE3E928E84B29001A1534 /* PhotoViewerView.swift */ = {isa = PBXFileReference; lastKnownFileType = sourcecode.swift; path = PhotoViewerView.swift; sourceTree = "<group>"; };
/* End PBXFileReference section */

/* Begin PBXFrameworksBuildPhase section */
		518CE3B028E609A4001A1534 /* Frameworks */ = {
			isa = PBXFrameworksBuildPhase;
			buildActionMask = 2147483647;
			files = (
			);
			runOnlyForDeploymentPostprocessing = 0;
		};
		518CE3C028E609A5001A1534 /* Frameworks */ = {
			isa = PBXFrameworksBuildPhase;
			buildActionMask = 2147483647;
			files = (
			);
			runOnlyForDeploymentPostprocessing = 0;
		};
		518CE3CA28E609A5001A1534 /* Frameworks */ = {
			isa = PBXFrameworksBuildPhase;
			buildActionMask = 2147483647;
			files = (
			);
			runOnlyForDeploymentPostprocessing = 0;
		};
/* End PBXFrameworksBuildPhase section */

/* Begin PBXGroup section */
		518CE3AA28E609A4001A1534 = {
			isa = PBXGroup;
			children = (
				518CE3B528E609A4001A1534 /* Photobox */,
				518CE3C628E609A5001A1534 /* PhotoboxTests */,
				518CE3D028E609A5001A1534 /* PhotoboxUITests */,
				518CE3B428E609A4001A1534 /* Products */,
			);
			sourceTree = "<group>";
		};
		518CE3B428E609A4001A1534 /* Products */ = {
			isa = PBXGroup;
			children = (
				518CE3B328E609A4001A1534 /* Photobox.app */,
				518CE3C328E609A5001A1534 /* PhotoboxTests.xctest */,
				518CE3CD28E609A5001A1534 /* PhotoboxUITests.xctest */,
			);
			name = Products;
			sourceTree = "<group>";
		};
		518CE3B528E609A4001A1534 /* Photobox */ = {
			isa = PBXGroup;
			children = (
				518CE3E228E62810001A1534 /* ViewModels */,
				518CE3E128E62803001A1534 /* Views */,
				518CE3E028E60ED5001A1534 /* Info.plist */,
				518CE3B628E609A4001A1534 /* PhotoboxApp.swift */,
				518CE3BA28E609A5001A1534 /* Assets.xcassets */,
				518CE3BC28E609A5001A1534 /* Preview Content */,
			);
			path = Photobox;
			sourceTree = "<group>";
		};
		518CE3BC28E609A5001A1534 /* Preview Content */ = {
			isa = PBXGroup;
			children = (
				518CE3BD28E609A5001A1534 /* Preview Assets.xcassets */,
			);
			path = "Preview Content";
			sourceTree = "<group>";
		};
		518CE3C628E609A5001A1534 /* PhotoboxTests */ = {
			isa = PBXGroup;
			children = (
				5101849D28E8D6AD00FDED8F /* PhotoViewerViewModelTests.swift */,
			);
			path = PhotoboxTests;
			sourceTree = "<group>";
		};
		518CE3D028E609A5001A1534 /* PhotoboxUITests */ = {
			isa = PBXGroup;
			children = (
				518CE3D128E609A5001A1534 /* PhotoboxUITests.swift */,
				518CE3D328E609A5001A1534 /* PhotoboxUITestsLaunchTests.swift */,
			);
			path = PhotoboxUITests;
			sourceTree = "<group>";
		};
		518CE3E128E62803001A1534 /* Views */ = {
			isa = PBXGroup;
			children = (
				518CE3E528E65573001A1534 /* AssetImageView.swift */,
				518CE3B828E609A4001A1534 /* ContentView.swift */,
				518CE3E928E84B29001A1534 /* PhotoViewerView.swift */,
			);
			path = Views;
			sourceTree = "<group>";
		};
		518CE3E228E62810001A1534 /* ViewModels */ = {
			isa = PBXGroup;
			children = (
				518CE3E328E62838001A1534 /* ContentViewModel.swift */,
				518CE3E728E65649001A1534 /* AssetImageViewModel.swift */,
				5101849B28E8D48600FDED8F /* PhotoViewerViewModel.swift */,
			);
			path = ViewModels;
			sourceTree = "<group>";
		};
/* End PBXGroup section */

/* Begin PBXNativeTarget section */
		518CE3B228E609A4001A1534 /* Photobox */ = {
			isa = PBXNativeTarget;
			buildConfigurationList = 518CE3D728E609A5001A1534 /* Build configuration list for PBXNativeTarget "Photobox" */;
			buildPhases = (
				518CE3AF28E609A4001A1534 /* Sources */,
				518CE3B028E609A4001A1534 /* Frameworks */,
				518CE3B128E609A4001A1534 /* Resources */,
			);
			buildRules = (
			);
			dependencies = (
			);
			name = Photobox;
			productName = Photobox;
			productReference = 518CE3B328E609A4001A1534 /* Photobox.app */;
			productType = "com.apple.product-type.application";
		};
		518CE3C228E609A5001A1534 /* PhotoboxTests */ = {
			isa = PBXNativeTarget;
			buildConfigurationList = 518CE3DA28E609A5001A1534 /* Build configuration list for PBXNativeTarget "PhotoboxTests" */;
			buildPhases = (
				518CE3BF28E609A5001A1534 /* Sources */,
				518CE3C028E609A5001A1534 /* Frameworks */,
				518CE3C128E609A5001A1534 /* Resources */,
			);
			buildRules = (
			);
			dependencies = (
				518CE3C528E609A5001A1534 /* PBXTargetDependency */,
			);
			name = PhotoboxTests;
			productName = PhotoboxTests;
			productReference = 518CE3C328E609A5001A1534 /* PhotoboxTests.xctest */;
			productType = "com.apple.product-type.bundle.unit-test";
		};
		518CE3CC28E609A5001A1534 /* PhotoboxUITests */ = {
			isa = PBXNativeTarget;
			buildConfigurationList = 518CE3DD28E609A5001A1534 /* Build configuration list for PBXNativeTarget "PhotoboxUITests" */;
			buildPhases = (
				518CE3C928E609A5001A1534 /* Sources */,
				518CE3CA28E609A5001A1534 /* Frameworks */,
				518CE3CB28E609A5001A1534 /* Resources */,
			);
			buildRules = (
			);
			dependencies = (
				518CE3CF28E609A5001A1534 /* PBXTargetDependency */,
			);
			name = PhotoboxUITests;
			productName = PhotoboxUITests;
			productReference = 518CE3CD28E609A5001A1534 /* PhotoboxUITests.xctest */;
			productType = "com.apple.product-type.bundle.ui-testing";
		};
/* End PBXNativeTarget section */

/* Begin PBXProject section */
		518CE3AB28E609A4001A1534 /* Project object */ = {
			isa = PBXProject;
			attributes = {
				BuildIndependentTargetsInParallel = 1;
				LastSwiftUpdateCheck = 1340;
				LastUpgradeCheck = 1340;
				TargetAttributes = {
					518CE3B228E609A4001A1534 = {
						CreatedOnToolsVersion = 13.4.1;
					};
					518CE3C228E609A5001A1534 = {
						CreatedOnToolsVersion = 13.4.1;
						TestTargetID = 518CE3B228E609A4001A1534;
					};
					518CE3CC28E609A5001A1534 = {
						CreatedOnToolsVersion = 13.4.1;
						TestTargetID = 518CE3B228E609A4001A1534;
					};
				};
			};
			buildConfigurationList = 518CE3AE28E609A4001A1534 /* Build configuration list for PBXProject "Photobox" */;
			compatibilityVersion = "Xcode 13.0";
			developmentRegion = en;
			hasScannedForEncodings = 0;
			knownRegions = (
				en,
				Base,
			);
			mainGroup = 518CE3AA28E609A4001A1534;
			productRefGroup = 518CE3B428E609A4001A1534 /* Products */;
			projectDirPath = "";
			projectRoot = "";
			targets = (
				518CE3B228E609A4001A1534 /* Photobox */,
				518CE3C228E609A5001A1534 /* PhotoboxTests */,
				518CE3CC28E609A5001A1534 /* PhotoboxUITests */,
			);
		};
/* End PBXProject section */

/* Begin PBXResourcesBuildPhase section */
		518CE3B128E609A4001A1534 /* Resources */ = {
			isa = PBXResourcesBuildPhase;
			buildActionMask = 2147483647;
			files = (
				518CE3BE28E609A5001A1534 /* Preview Assets.xcassets in Resources */,
				518CE3BB28E609A5001A1534 /* Assets.xcassets in Resources */,
			);
			runOnlyForDeploymentPostprocessing = 0;
		};
		518CE3C128E609A5001A1534 /* Resources */ = {
			isa = PBXResourcesBuildPhase;
			buildActionMask = 2147483647;
			files = (
			);
			runOnlyForDeploymentPostprocessing = 0;
		};
		518CE3CB28E609A5001A1534 /* Resources */ = {
			isa = PBXResourcesBuildPhase;
			buildActionMask = 2147483647;
			files = (
			);
			runOnlyForDeploymentPostprocessing = 0;
		};
/* End PBXResourcesBuildPhase section */

/* Begin PBXSourcesBuildPhase section */
		518CE3AF28E609A4001A1534 /* Sources */ = {
			isa = PBXSourcesBuildPhase;
			buildActionMask = 2147483647;
			files = (
				518CE3B928E609A4001A1534 /* ContentView.swift in Sources */,
				518CE3EA28E84B29001A1534 /* PhotoViewerView.swift in Sources */,
				518CE3E828E65649001A1534 /* AssetImageViewModel.swift in Sources */,
				518CE3B728E609A4001A1534 /* PhotoboxApp.swift in Sources */,
				518CE3E428E62838001A1534 /* ContentViewModel.swift in Sources */,
				5101849C28E8D48600FDED8F /* PhotoViewerViewModel.swift in Sources */,
				518CE3E628E65573001A1534 /* AssetImageView.swift in Sources */,
			);
			runOnlyForDeploymentPostprocessing = 0;
		};
		518CE3BF28E609A5001A1534 /* Sources */ = {
			isa = PBXSourcesBuildPhase;
			buildActionMask = 2147483647;
			files = (
				5101849E28E8D6AD00FDED8F /* PhotoViewerViewModelTests.swift in Sources */,
			);
			runOnlyForDeploymentPostprocessing = 0;
		};
		518CE3C928E609A5001A1534 /* Sources */ = {
			isa = PBXSourcesBuildPhase;
			buildActionMask = 2147483647;
			files = (
				518CE3D428E609A5001A1534 /* PhotoboxUITestsLaunchTests.swift in Sources */,
				518CE3D228E609A5001A1534 /* PhotoboxUITests.swift in Sources */,
			);
			runOnlyForDeploymentPostprocessing = 0;
		};
/* End PBXSourcesBuildPhase section */

/* Begin PBXTargetDependency section */
		518CE3C528E609A5001A1534 /* PBXTargetDependency */ = {
			isa = PBXTargetDependency;
			target = 518CE3B228E609A4001A1534 /* Photobox */;
			targetProxy = 518CE3C428E609A5001A1534 /* PBXContainerItemProxy */;
		};
		518CE3CF28E609A5001A1534 /* PBXTargetDependency */ = {
			isa = PBXTargetDependency;
			target = 518CE3B228E609A4001A1534 /* Photobox */;
			targetProxy = 518CE3CE28E609A5001A1534 /* PBXContainerItemProxy */;
		};
/* End PBXTargetDependency section */

/* Begin XCBuildConfiguration section */
		518CE3D528E609A5001A1534 /* Debug */ = {
			isa = XCBuildConfiguration;
			buildSettings = {
				ALWAYS_SEARCH_USER_PATHS = NO;
				CLANG_ANALYZER_NONNULL = YES;
				CLANG_ANALYZER_NUMBER_OBJECT_CONVERSION = YES_AGGRESSIVE;
				CLANG_CXX_LANGUAGE_STANDARD = "gnu++17";
				CLANG_ENABLE_MODULES = YES;
				CLANG_ENABLE_OBJC_ARC = YES;
				CLANG_ENABLE_OBJC_WEAK = YES;
				CLANG_WARN_BLOCK_CAPTURE_AUTORELEASING = YES;
				CLANG_WARN_BOOL_CONVERSION = YES;
				CLANG_WARN_COMMA = YES;
				CLANG_WARN_CONSTANT_CONVERSION = YES;
				CLANG_WARN_DEPRECATED_OBJC_IMPLEMENTATIONS = YES;
				CLANG_WARN_DIRECT_OBJC_ISA_USAGE = YES_ERROR;
				CLANG_WARN_DOCUMENTATION_COMMENTS = YES;
				CLANG_WARN_EMPTY_BODY = YES;
				CLANG_WARN_ENUM_CONVERSION = YES;
				CLANG_WARN_INFINITE_RECURSION = YES;
				CLANG_WARN_INT_CONVERSION = YES;
				CLANG_WARN_NON_LITERAL_NULL_CONVERSION = YES;
				CLANG_WARN_OBJC_IMPLICIT_RETAIN_SELF = YES;
				CLANG_WARN_OBJC_LITERAL_CONVERSION = YES;
				CLANG_WARN_OBJC_ROOT_CLASS = YES_ERROR;
				CLANG_WARN_QUOTED_INCLUDE_IN_FRAMEWORK_HEADER = YES;
				CLANG_WARN_RANGE_LOOP_ANALYSIS = YES;
				CLANG_WARN_STRICT_PROTOTYPES = YES;
				CLANG_WARN_SUSPICIOUS_MOVE = YES;
				CLANG_WARN_UNGUARDED_AVAILABILITY = YES_AGGRESSIVE;
				CLANG_WARN_UNREACHABLE_CODE = YES;
				CLANG_WARN__DUPLICATE_METHOD_MATCH = YES;
				COPY_PHASE_STRIP = NO;
				DEBUG_INFORMATION_FORMAT = dwarf;
				ENABLE_STRICT_OBJC_MSGSEND = YES;
				ENABLE_TESTABILITY = YES;
				GCC_C_LANGUAGE_STANDARD = gnu11;
				GCC_DYNAMIC_NO_PIC = NO;
				GCC_NO_COMMON_BLOCKS = YES;
				GCC_OPTIMIZATION_LEVEL = 0;
				GCC_PREPROCESSOR_DEFINITIONS = (
					"DEBUG=1",
					"$(inherited)",
				);
				GCC_WARN_64_TO_32_BIT_CONVERSION = YES;
				GCC_WARN_ABOUT_RETURN_TYPE = YES_ERROR;
				GCC_WARN_UNDECLARED_SELECTOR = YES;
				GCC_WARN_UNINITIALIZED_AUTOS = YES_AGGRESSIVE;
				GCC_WARN_UNUSED_FUNCTION = YES;
				GCC_WARN_UNUSED_VARIABLE = YES;
				IPHONEOS_DEPLOYMENT_TARGET = 15.5;
				MTL_ENABLE_DEBUG_INFO = INCLUDE_SOURCE;
				MTL_FAST_MATH = YES;
				ONLY_ACTIVE_ARCH = YES;
				SDKROOT = iphoneos;
				SWIFT_ACTIVE_COMPILATION_CONDITIONS = DEBUG;
				SWIFT_OPTIMIZATION_LEVEL = "-Onone";
			};
			name = Debug;
		};
		518CE3D628E609A5001A1534 /* Release */ = {
			isa = XCBuildConfiguration;
			buildSettings = {
				ALWAYS_SEARCH_USER_PATHS = NO;
				CLANG_ANALYZER_NONNULL = YES;
				CLANG_ANALYZER_NUMBER_OBJECT_CONVERSION = YES_AGGRESSIVE;
				CLANG_CXX_LANGUAGE_STANDARD = "gnu++17";
				CLANG_ENABLE_MODULES = YES;
				CLANG_ENABLE_OBJC_ARC = YES;
				CLANG_ENABLE_OBJC_WEAK = YES;
				CLANG_WARN_BLOCK_CAPTURE_AUTORELEASING = YES;
				CLANG_WARN_BOOL_CONVERSION = YES;
				CLANG_WARN_COMMA = YES;
				CLANG_WARN_CONSTANT_CONVERSION = YES;
				CLANG_WARN_DEPRECATED_OBJC_IMPLEMENTATIONS = YES;
				CLANG_WARN_DIRECT_OBJC_ISA_USAGE = YES_ERROR;
				CLANG_WARN_DOCUMENTATION_COMMENTS = YES;
				CLANG_WARN_EMPTY_BODY = YES;
				CLANG_WARN_ENUM_CONVERSION = YES;
				CLANG_WARN_INFINITE_RECURSION = YES;
				CLANG_WARN_INT_CONVERSION = YES;
				CLANG_WARN_NON_LITERAL_NULL_CONVERSION = YES;
				CLANG_WARN_OBJC_IMPLICIT_RETAIN_SELF = YES;
				CLANG_WARN_OBJC_LITERAL_CONVERSION = YES;
				CLANG_WARN_OBJC_ROOT_CLASS = YES_ERROR;
				CLANG_WARN_QUOTED_INCLUDE_IN_FRAMEWORK_HEADER = YES;
				CLANG_WARN_RANGE_LOOP_ANALYSIS = YES;
				CLANG_WARN_STRICT_PROTOTYPES = YES;
				CLANG_WARN_SUSPICIOUS_MOVE = YES;
				CLANG_WARN_UNGUARDED_AVAILABILITY = YES_AGGRESSIVE;
				CLANG_WARN_UNREACHABLE_CODE = YES;
				CLANG_WARN__DUPLICATE_METHOD_MATCH = YES;
				COPY_PHASE_STRIP = NO;
				DEBUG_INFORMATION_FORMAT = "dwarf-with-dsym";
				ENABLE_NS_ASSERTIONS = NO;
				ENABLE_STRICT_OBJC_MSGSEND = YES;
				GCC_C_LANGUAGE_STANDARD = gnu11;
				GCC_NO_COMMON_BLOCKS = YES;
				GCC_WARN_64_TO_32_BIT_CONVERSION = YES;
				GCC_WARN_ABOUT_RETURN_TYPE = YES_ERROR;
				GCC_WARN_UNDECLARED_SELECTOR = YES;
				GCC_WARN_UNINITIALIZED_AUTOS = YES_AGGRESSIVE;
				GCC_WARN_UNUSED_FUNCTION = YES;
				GCC_WARN_UNUSED_VARIABLE = YES;
				IPHONEOS_DEPLOYMENT_TARGET = 15.5;
				MTL_ENABLE_DEBUG_INFO = NO;
				MTL_FAST_MATH = YES;
				SDKROOT = iphoneos;
				SWIFT_COMPILATION_MODE = wholemodule;
				SWIFT_OPTIMIZATION_LEVEL = "-O";
				VALIDATE_PRODUCT = YES;
			};
			name = Release;
		};
		518CE3D828E609A5001A1534 /* Debug */ = {
			isa = XCBuildConfiguration;
			buildSettings = {
				ASSETCATALOG_COMPILER_APPICON_NAME = AppIcon;
				ASSETCATALOG_COMPILER_GLOBAL_ACCENT_COLOR_NAME = AccentColor;
				CODE_SIGN_STYLE = Automatic;
				CURRENT_PROJECT_VERSION = 1;
				DEVELOPMENT_ASSET_PATHS = "\"Photobox/Preview Content\"";
				DEVELOPMENT_TEAM = C2UFGA4H52;
				ENABLE_PREVIEWS = YES;
				GENERATE_INFOPLIST_FILE = YES;
				INFOPLIST_FILE = Photobox/Info.plist;
				INFOPLIST_KEY_NSPhotoLibraryUsageDescription = "This app will provide quick preview of the last one thousand photos available on your phone.";
				INFOPLIST_KEY_UIApplicationSceneManifest_Generation = YES;
				INFOPLIST_KEY_UIApplicationSupportsIndirectInputEvents = YES;
				INFOPLIST_KEY_UILaunchScreen_Generation = YES;
				INFOPLIST_KEY_UISupportedInterfaceOrientations_iPad = "UIInterfaceOrientationPortrait UIInterfaceOrientationPortraitUpsideDown UIInterfaceOrientationLandscapeLeft UIInterfaceOrientationLandscapeRight";
				INFOPLIST_KEY_UISupportedInterfaceOrientations_iPhone = "UIInterfaceOrientationPortrait UIInterfaceOrientationLandscapeLeft UIInterfaceOrientationLandscapeRight";
				LD_RUNPATH_SEARCH_PATHS = (
					"$(inherited)",
					"@executable_path/Frameworks",
				);
				MARKETING_VERSION = 1.0;
				PRODUCT_BUNDLE_IDENTIFIER = sm1030.Photobox;
				PRODUCT_NAME = "$(TARGET_NAME)";
				SWIFT_EMIT_LOC_STRINGS = YES;
				SWIFT_VERSION = 5.0;
				TARGETED_DEVICE_FAMILY = "1,2";
			};
			name = Debug;
		};
		518CE3D928E609A5001A1534 /* Release */ = {
			isa = XCBuildConfiguration;
			buildSettings = {
				ASSETCATALOG_COMPILER_APPICON_NAME = AppIcon;
				ASSETCATALOG_COMPILER_GLOBAL_ACCENT_COLOR_NAME = AccentColor;
				CODE_SIGN_STYLE = Automatic;
				CURRENT_PROJECT_VERSION = 1;
				DEVELOPMENT_ASSET_PATHS = "\"Photobox/Preview Content\"";
				DEVELOPMENT_TEAM = C2UFGA4H52;
				ENABLE_PREVIEWS = YES;
				GENERATE_INFOPLIST_FILE = YES;
				INFOPLIST_FILE = Photobox/Info.plist;
				INFOPLIST_KEY_NSPhotoLibraryUsageDescription = "This app will provide quick preview of the last one thousand photos available on your phone.";
				INFOPLIST_KEY_UIApplicationSceneManifest_Generation = YES;
				INFOPLIST_KEY_UIApplicationSupportsIndirectInputEvents = YES;
				INFOPLIST_KEY_UILaunchScreen_Generation = YES;
				INFOPLIST_KEY_UISupportedInterfaceOrientations_iPad = "UIInterfaceOrientationPortrait UIInterfaceOrientationPortraitUpsideDown UIInterfaceOrientationLandscapeLeft UIInterfaceOrientationLandscapeRight";
				INFOPLIST_KEY_UISupportedInterfaceOrientations_iPhone = "UIInterfaceOrientationPortrait UIInterfaceOrientationLandscapeLeft UIInterfaceOrientationLandscapeRight";
				LD_RUNPATH_SEARCH_PATHS = (
					"$(inherited)",
					"@executable_path/Frameworks",
				);
				MARKETING_VERSION = 1.0;
				PRODUCT_BUNDLE_IDENTIFIER = sm1030.Photobox;
				PRODUCT_NAME = "$(TARGET_NAME)";
				SWIFT_EMIT_LOC_STRINGS = YES;
				SWIFT_VERSION = 5.0;
				TARGETED_DEVICE_FAMILY = "1,2";
			};
			name = Release;
		};
		518CE3DB28E609A5001A1534 /* Debug */ = {
			isa = XCBuildConfiguration;
			buildSettings = {
				ALWAYS_EMBED_SWIFT_STANDARD_LIBRARIES = YES;
				BUNDLE_LOADER = "$(TEST_HOST)";
				CODE_SIGN_STYLE = Automatic;
				CURRENT_PROJECT_VERSION = 1;
				DEVELOPMENT_TEAM = C2UFGA4H52;
				GENERATE_INFOPLIST_FILE = YES;
				IPHONEOS_DEPLOYMENT_TARGET = 15.5;
				MARKETING_VERSION = 1.0;
				PRODUCT_BUNDLE_IDENTIFIER = sm1030.PhotoboxTests;
				PRODUCT_NAME = "$(TARGET_NAME)";
				SWIFT_EMIT_LOC_STRINGS = NO;
				SWIFT_VERSION = 5.0;
				TARGETED_DEVICE_FAMILY = "1,2";
				TEST_HOST = "$(BUILT_PRODUCTS_DIR)/Photobox.app/Photobox";
			};
			name = Debug;
		};
		518CE3DC28E609A5001A1534 /* Release */ = {
			isa = XCBuildConfiguration;
			buildSettings = {
				ALWAYS_EMBED_SWIFT_STANDARD_LIBRARIES = YES;
				BUNDLE_LOADER = "$(TEST_HOST)";
				CODE_SIGN_STYLE = Automatic;
				CURRENT_PROJECT_VERSION = 1;
				DEVELOPMENT_TEAM = C2UFGA4H52;
				GENERATE_INFOPLIST_FILE = YES;
				IPHONEOS_DEPLOYMENT_TARGET = 15.5;
				MARKETING_VERSION = 1.0;
				PRODUCT_BUNDLE_IDENTIFIER = sm1030.PhotoboxTests;
				PRODUCT_NAME = "$(TARGET_NAME)";
				SWIFT_EMIT_LOC_STRINGS = NO;
				SWIFT_VERSION = 5.0;
				TARGETED_DEVICE_FAMILY = "1,2";
				TEST_HOST = "$(BUILT_PRODUCTS_DIR)/Photobox.app/Photobox";
			};
			name = Release;
		};
		518CE3DE28E609A5001A1534 /* Debug */ = {
			isa = XCBuildConfiguration;
			buildSettings = {
				ALWAYS_EMBED_SWIFT_STANDARD_LIBRARIES = YES;
				CODE_SIGN_STYLE = Automatic;
				CURRENT_PROJECT_VERSION = 1;
				DEVELOPMENT_TEAM = C2UFGA4H52;
				GENERATE_INFOPLIST_FILE = YES;
				MARKETING_VERSION = 1.0;
				PRODUCT_BUNDLE_IDENTIFIER = sm1030.PhotoboxUITests;
				PRODUCT_NAME = "$(TARGET_NAME)";
				SWIFT_EMIT_LOC_STRINGS = NO;
				SWIFT_VERSION = 5.0;
				TARGETED_DEVICE_FAMILY = "1,2";
				TEST_TARGET_NAME = Photobox;
			};
			name = Debug;
		};
		518CE3DF28E609A5001A1534 /* Release */ = {
			isa = XCBuildConfiguration;
			buildSettings = {
				ALWAYS_EMBED_SWIFT_STANDARD_LIBRARIES = YES;
				CODE_SIGN_STYLE = Automatic;
				CURRENT_PROJECT_VERSION = 1;
				DEVELOPMENT_TEAM = C2UFGA4H52;
				GENERATE_INFOPLIST_FILE = YES;
				MARKETING_VERSION = 1.0;
				PRODUCT_BUNDLE_IDENTIFIER = sm1030.PhotoboxUITests;
				PRODUCT_NAME = "$(TARGET_NAME)";
				SWIFT_EMIT_LOC_STRINGS = NO;
				SWIFT_VERSION = 5.0;
				TARGETED_DEVICE_FAMILY = "1,2";
				TEST_TARGET_NAME = Photobox;
			};
			name = Release;
		};
/* End XCBuildConfiguration section */

/* Begin XCConfigurationList section */
		518CE3AE28E609A4001A1534 /* Build configuration list for PBXProject "Photobox" */ = {
			isa = XCConfigurationList;
			buildConfigurations = (
				518CE3D528E609A5001A1534 /* Debug */,
				518CE3D628E609A5001A1534 /* Release */,
			);
			defaultConfigurationIsVisible = 0;
			defaultConfigurationName = Release;
		};
		518CE3D728E609A5001A1534 /* Build configuration list for PBXNativeTarget "Photobox" */ = {
			isa = XCConfigurationList;
			buildConfigurations = (
				518CE3D828E609A5001A1534 /* Debug */,
				518CE3D928E609A5001A1534 /* Release */,
			);
			defaultConfigurationIsVisible = 0;
			defaultConfigurationName = Release;
		};
		518CE3DA28E609A5001A1534 /* Build configuration list for PBXNativeTarget "PhotoboxTests" */ = {
			isa = XCConfigurationList;
			buildConfigurations = (
				518CE3DB28E609A5001A1534 /* Debug */,
				518CE3DC28E609A5001A1534 /* Release */,
			);
			defaultConfigurationIsVisible = 0;
			defaultConfigurationName = Release;
		};
		518CE3DD28E609A5001A1534 /* Build configuration list for PBXNativeTarget "PhotoboxUITests" */ = {
			isa = XCConfigurationList;
			buildConfigurations = (
				518CE3DE28E609A5001A1534 /* Debug */,
				518CE3DF28E609A5001A1534 /* Release */,
			);
			defaultConfigurationIsVisible = 0;
			defaultConfigurationName = Release;
		};
/* End XCConfigurationList section */
	};
	rootObject = 518CE3AB28E609A4001A1534 /* Project object */;
}
